
Microsoft Visual Studio Solution File, Format Version 12.00
# Visual Studio Version 17
VisualStudioVersion = 17.0.31919.166
MinimumVisualStudioVersion = 10.0.40219.1
Project("{FAE04EC0-301F-11D3-BF4B-00C04F79EFBC}") = "ConsoleApp1", "ConsoleApp1\ConsoleApp1.csproj", "{06BD3445-54F4-40BA-A1DF-DE1ADA126933}"
EndProject
Global
	GlobalSection(SolutionConfigurationPlatforms) = preSolution
		Debug|Any CPU = Debug|Any CPU
		Release|Any CPU = Release|Any CPU
	EndGlobalSection
	GlobalSection(ProjectConfigurationPlatforms) = postSolution
		{06BD3445-54F4-40BA-A1DF-DE1ADA126933}.Debug|Any CPU.ActiveCfg = Debug|Any CPU
		{06BD3445-54F4-40BA-A1DF-DE1ADA126933}.Debug|Any CPU.Build.0 = Debug|Any CPU
		{06BD3445-54F4-40BA-A1DF-DE1ADA126933}.Release|Any CPU.ActiveCfg = Release|Any CPU
		{06BD3445-54F4-40BA-A1DF-DE1ADA126933}.Release|Any CPU.Build.0 = Release|Any CPU
	EndGlobalSection
	GlobalSection(SolutionProperties) = preSolution
		HideSolutionNode = FALSE
	EndGlobalSection
	GlobalSection(ExtensibilityGlobals) = postSolution
		SolutionGuid = {C7FF21D7-18F1-4BE3-8E8B-BD2D4053B1BD}
	EndGlobalSection
EndGlobal
